
Microsoft Visual Studio Solution File, Format Version 12.00
# Visual Studio 15
VisualStudioVersion = 15.0.27130.2036
MinimumVisualStudioVersion = 10.0.40219.1
Project("{FAE04EC0-301F-11D3-BF4B-00C04F79EFBC}") = "[FilRouge]Quizz", "[FilRouge]Quizz\[FilRouge]Quizz.csproj", "{A6D68BDD-E7EA-4501-8B43-84F1BDBDEAB9}"
EndProject
Project("{FAE04EC0-301F-11D3-BF4B-00C04F79EFBC}") = "ModelEntities", "ModelEntities\ModelEntities.csproj", "{75E04AE4-367B-4507-8107-A075321FE89D}"
EndProject
Project("{FAE04EC0-301F-11D3-BF4B-00C04F79EFBC}") = "Services", "Services\Services.csproj", "{13A7CF59-BC18-4457-9C42-08E3FB1ABCA4}"
	ProjectSection(ProjectDependencies) = postProject
		{75E04AE4-367B-4507-8107-A075321FE89D} = {75E04AE4-367B-4507-8107-A075321FE89D}
	EndProjectSection
EndProject
Global
	GlobalSection(SolutionConfigurationPlatforms) = preSolution
		Debug|Any CPU = Debug|Any CPU
		Release|Any CPU = Release|Any CPU
	EndGlobalSection
	GlobalSection(ProjectConfigurationPlatforms) = postSolution
		{A6D68BDD-E7EA-4501-8B43-84F1BDBDEAB9}.Debug|Any CPU.ActiveCfg = Debug|Any CPU
		{A6D68BDD-E7EA-4501-8B43-84F1BDBDEAB9}.Debug|Any CPU.Build.0 = Debug|Any CPU
		{A6D68BDD-E7EA-4501-8B43-84F1BDBDEAB9}.Release|Any CPU.ActiveCfg = Release|Any CPU
		{A6D68BDD-E7EA-4501-8B43-84F1BDBDEAB9}.Release|Any CPU.Build.0 = Release|Any CPU
		{75E04AE4-367B-4507-8107-A075321FE89D}.Debug|Any CPU.ActiveCfg = Debug|Any CPU
		{75E04AE4-367B-4507-8107-A075321FE89D}.Debug|Any CPU.Build.0 = Debug|Any CPU
		{75E04AE4-367B-4507-8107-A075321FE89D}.Release|Any CPU.ActiveCfg = Release|Any CPU
		{75E04AE4-367B-4507-8107-A075321FE89D}.Release|Any CPU.Build.0 = Release|Any CPU
		{13A7CF59-BC18-4457-9C42-08E3FB1ABCA4}.Debug|Any CPU.ActiveCfg = Debug|Any CPU
		{13A7CF59-BC18-4457-9C42-08E3FB1ABCA4}.Debug|Any CPU.Build.0 = Debug|Any CPU
		{13A7CF59-BC18-4457-9C42-08E3FB1ABCA4}.Release|Any CPU.ActiveCfg = Release|Any CPU
		{13A7CF59-BC18-4457-9C42-08E3FB1ABCA4}.Release|Any CPU.Build.0 = Release|Any CPU
	EndGlobalSection
	GlobalSection(SolutionProperties) = preSolution
		HideSolutionNode = FALSE
	EndGlobalSection
	GlobalSection(ExtensibilityGlobals) = postSolution
		SolutionGuid = {96591D22-D6AA-4B02-9643-8C26D5EC0D0D}
	EndGlobalSection
EndGlobal
